<?xml version="1.0" encoding="utf-8"?>
<Project ToolsVersion="4.0" xmlns="http://schemas.microsoft.com/developer/msbuild/2003">
  <ItemGroup>
    <ClCompile Include="..\accelerator\accelerator_test.cpp" />
    <ClCompile Include="..\main.cpp" />
  </ItemGroup>
  <ItemGroup>
    <ClInclude Include="..\accelerator\accelerator_test.h" />
    <ClInclude Include="..\array\array_modules.hpp" />
    <ClInclude Include="..\array\array_test.h" />
    <ClInclude Include="..\image_processing.h" />
    <ClInclude Include="..\index\index_modules.hpp" />
    <ClInclude Include="..\index\index_test.h" />
    <ClInclude Include="..\index\tiled_index_modules.hpp" />
    <ClInclude Include="..\opencv_include.h" />
  </ItemGroup>
</Project>